<?xml version="1.0" encoding="utf-8"?>
<Project ToolsVersion="4.0" xmlns="http://schemas.microsoft.com/developer/msbuild/2003">
  <ItemGroup>
    <ClCompile Include="Main.cpp" />
    <ClCompile Include="Core.cpp">
      <Filter>02. Core</Filter>
    </ClCompile>
    <ClCompile Include="Time.cpp">
      <Filter>03. Manager</Filter>
    </ClCompile>
    <ClCompile Include="SceneMgr.cpp">
      <Filter>03. Manager\SceneMgr</Filter>
    </ClCompile>
  </ItemGroup>
  <ItemGroup>
    <ClInclude Include="Singleton.h">
      <Filter>01. Header</Filter>
    </ClInclude>
    <ClInclude Include="Core.h">
      <Filter>02. Core</Filter>
    </ClInclude>
    <ClInclude Include="Time.h">
      <Filter>03. Manager</Filter>
    </ClInclude>
    <ClInclude Include="SceneMgr.h">
      <Filter>03. Manager\SceneMgr</Filter>
    </ClInclude>
    <ClInclude Include="Common.h">
      <Filter>01. Header</Filter>
    </ClInclude>
  </ItemGroup>
  <ItemGroup>
    <Filter Include="01. Header">
      <UniqueIdentifier>{1bd68f71-4533-4b26-aa2e-4c68f1f9a86b}</UniqueIdentifier>
    </Filter>
    <Filter Include="02. Core">
      <UniqueIdentifier>{b0b6484c-747a-413e-9540-220d1ae4d1ff}</UniqueIdentifier>
    </Filter>
    <Filter Include="03. Manager">
      <UniqueIdentifier>{df140471-7fa5-4002-84ef-68b9456e3c77}</UniqueIdentifier>
    </Filter>
    <Filter Include="03. Manager\SceneMgr">
      <UniqueIdentifier>{85002072-25fd-492a-8ba2-5a20d459e616}</UniqueIdentifier>
    </Filter>
    <Filter Include="04.Resource">
      <UniqueIdentifier>{7ba7d7d5-44c8-4b33-8bc6-92ec3fa615fe}</UniqueIdentifier>
    </Filter>
    <Filter Include="04.Resource\Shader">
      <UniqueIdentifier>{abe47122-0bf9-4e4e-9ddd-ec3d08b5f902}</UniqueIdentifier>
    </Filter>
  </ItemGroup>
  <ItemGroup>
    <FxCompile Include="Box.hlsl">
      <Filter>04.Resource\Shader</Filter>
    </FxCompile>
  </ItemGroup>
</Project>