<?xml version="1.0" encoding="utf-8"?>
<Project ToolsVersion="4.0" xmlns="http://schemas.microsoft.com/developer/msbuild/2003">
  <ItemGroup>
    <ClCompile Include="Main.cpp" />
    <ClCompile Include="Core.cpp">
      <Filter>02. Core</Filter>
    </ClCompile>
    <ClCompile Include="SceneMgr.cpp">
      <Filter>03. Manager\SceneMgr</Filter>
    </ClCompile>
    <ClCompile Include="RasterizerState.cpp">
      <Filter>State\RasterizerState</Filter>
    </ClCompile>
    <ClCompile Include="Keyboard.cpp">
      <Filter>Utility</Filter>
    </ClCompile>
    <ClCompile Include="Timer.cpp">
      <Filter>Utility</Filter>
    </ClCompile>
    <ClCompile Include="Math.cpp">
      <Filter>Utility</Filter>
    </ClCompile>
    <ClCompile Include="Object.cpp">
      <Filter>04. Object</Filter>
    </ClCompile>
    <ClCompile Include="Player.cpp">
      <Filter>04. Object\Player</Filter>
    </ClCompile>
    <ClCompile Include="Quad.cpp">
      <Filter>06. Component</Filter>
    </ClCompile>
  </ItemGroup>
  <ItemGroup>
    <ClInclude Include="Singleton.h">
      <Filter>01. Header</Filter>
    </ClInclude>
    <ClInclude Include="Core.h">
      <Filter>02. Core</Filter>
    </ClInclude>
    <ClInclude Include="SceneMgr.h">
      <Filter>03. Manager\SceneMgr</Filter>
    </ClInclude>
    <ClInclude Include="Common.h">
      <Filter>01. Header</Filter>
    </ClInclude>
    <ClInclude Include="RasterizerState.h">
      <Filter>State\RasterizerState</Filter>
    </ClInclude>
    <ClInclude Include="Keyboard.h">
      <Filter>Utility</Filter>
    </ClInclude>
    <ClInclude Include="Timer.h">
      <Filter>Utility</Filter>
    </ClInclude>
    <ClInclude Include="Math.h">
      <Filter>Utility</Filter>
    </ClInclude>
    <ClInclude Include="Object.h">
      <Filter>04. Object</Filter>
    </ClInclude>
    <ClInclude Include="Player.h">
      <Filter>04. Object\Player</Filter>
    </ClInclude>
    <ClInclude Include="Quad.h">
      <Filter>06. Component</Filter>
    </ClInclude>
  </ItemGroup>
  <ItemGroup>
    <Filter Include="01. Header">
      <UniqueIdentifier>{1bd68f71-4533-4b26-aa2e-4c68f1f9a86b}</UniqueIdentifier>
    </Filter>
    <Filter Include="02. Core">
      <UniqueIdentifier>{b0b6484c-747a-413e-9540-220d1ae4d1ff}</UniqueIdentifier>
    </Filter>
    <Filter Include="03. Manager">
      <UniqueIdentifier>{df140471-7fa5-4002-84ef-68b9456e3c77}</UniqueIdentifier>
    </Filter>
    <Filter Include="03. Manager\SceneMgr">
      <UniqueIdentifier>{85002072-25fd-492a-8ba2-5a20d459e616}</UniqueIdentifier>
    </Filter>
    <Filter Include="04. Object">
      <UniqueIdentifier>{4e763db2-5805-4b06-8915-7854dd21a037}</UniqueIdentifier>
    </Filter>
    <Filter Include="Buffer">
      <UniqueIdentifier>{1645c589-3f0a-4267-8a86-a3319980f267}</UniqueIdentifier>
    </Filter>
    <Filter Include="Utility">
      <UniqueIdentifier>{ed61895b-37db-41aa-89a7-44e9a3dca07a}</UniqueIdentifier>
    </Filter>
    <Filter Include="State">
      <UniqueIdentifier>{9547740b-0cc9-4861-a21f-38fe3a2cd868}</UniqueIdentifier>
    </Filter>
    <Filter Include="State\RasterizerState">
      <UniqueIdentifier>{6a3be9f5-33e1-4deb-8169-9029bb45cb9e}</UniqueIdentifier>
    </Filter>
    <Filter Include="04. Object\Player">
      <UniqueIdentifier>{64cbe719-50c3-4175-9a82-78a4d8abe3e1}</UniqueIdentifier>
    </Filter>
    <Filter Include="05. Resource">
      <UniqueIdentifier>{7ba7d7d5-44c8-4b33-8bc6-92ec3fa615fe}</UniqueIdentifier>
    </Filter>
    <Filter Include="05. Resource\Shader">
      <UniqueIdentifier>{abe47122-0bf9-4e4e-9ddd-ec3d08b5f902}</UniqueIdentifier>
    </Filter>
    <Filter Include="06. Component">
      <UniqueIdentifier>{7d99c556-d741-4d0f-886a-094ce20b12eb}</UniqueIdentifier>
    </Filter>
  </ItemGroup>
  <ItemGroup>
    <FxCompile Include="Box.hlsl">
      <Filter>05. Resource\Shader</Filter>
    </FxCompile>
  </ItemGroup>
  <ItemGroup>
    <None Include="Common.hlsli">
      <Filter>05. Resource\Shader</Filter>
    </None>
  </ItemGroup>
</Project>